
Microsoft Visual Studio Solution File, Format Version 12.00
# Visual Studio Version 17
VisualStudioVersion = 17.11.35208.52
MinimumVisualStudioVersion = 10.0.40219.1
Project("{FAE04EC0-301F-11D3-BF4B-00C04F79EFBC}") = "TestRunAnalizer", "TestRunAnalizer\TestRunAnalizer.csproj", "{6C0FEEB9-2703-4C60-8B4C-CD4512F97E3E}"
EndProject
Global
	GlobalSection(SolutionConfigurationPlatforms) = preSolution
		Debug|Any CPU = Debug|Any CPU
		Release|Any CPU = Release|Any CPU
	EndGlobalSection
	GlobalSection(ProjectConfigurationPlatforms) = postSolution
		{6C0FEEB9-2703-4C60-8B4C-CD4512F97E3E}.Debug|Any CPU.ActiveCfg = Debug|Any CPU
		{6C0FEEB9-2703-4C60-8B4C-CD4512F97E3E}.Debug|Any CPU.Build.0 = Debug|Any CPU
		{6C0FEEB9-2703-4C60-8B4C-CD4512F97E3E}.Release|Any CPU.ActiveCfg = Release|Any CPU
		{6C0FEEB9-2703-4C60-8B4C-CD4512F97E3E}.Release|Any CPU.Build.0 = Release|Any CPU
	EndGlobalSection
	GlobalSection(SolutionProperties) = preSolution
		HideSolutionNode = FALSE
	EndGlobalSection
	GlobalSection(ExtensibilityGlobals) = postSolution
		SolutionGuid = {3E3DD6F8-82C1-48CF-9656-CE92BD5ED9D1}
	EndGlobalSection
EndGlobal
